<?xml version="1.0" encoding="UTF-8" standalone="yes" ?>
<CodeBlocks_project_file>
	<FileVersion major="1" minor="6" />
	<Project>
		<Option title="gpu" />
		<Option pch_mode="2" />
		<Option compiler="gcc" />
		<Option virtualFolders="CUDA Sources/;CUDA Headers/;" />
		<Build>
			<Target title="Debug">
				<Option output="bin/Debug/gpu" prefix_auto="1" extension_auto="1" />
				<Option object_output="obj/Debug/" />
				<Option type="1" />
				<Option compiler="gcc" />
				<Compiler>
					<Add option="-g" />
				</Compiler>
			</Target>
			<Target title="Release">
				<Option output="bin/Release/gpu" prefix_auto="1" extension_auto="1" />
				<Option object_output="obj/Release/" />
				<Option type="1" />
				<Option compiler="gcc" />
				<Compiler>
					<Add option="-O2" />
				</Compiler>
				<Linker>
					<Add option="-s" />
				</Linker>
			</Target>
		</Build>
		<Compiler>
			<Add option="-Wall" />
		</Compiler>
		<Unit filename="3d.cu" />
		<Unit filename="Makefile" />
		<Unit filename="advance.cu">
			<Option virtualFolder="CUDA Sources/" />
		</Unit>
		<Unit filename="advance_cpu.cpp" />
		<Unit filename="advance_hybrid.cu">
			<Option virtualFolder="CUDA Sources/" />
		</Unit>
		<Unit filename="cpu.cu">
			<Option virtualFolder="CUDA Sources/" />
		</Unit>
		<Unit filename="ctoprim.cu">
			<Option compile="1" />
			<Option link="1" />
			<Option virtualFolder="CUDA Sources/" />
		</Unit>
		<Unit filename="ddiff.cpp" />
		<Unit filename="diffterm.cu">
			<Option compile="1" />
			<Option link="1" />
			<Option virtualFolder="CUDA Sources/" />
		</Unit>
		<Unit filename="diffterm2.cu">
			<Option virtualFolder="CUDA Sources/" />
		</Unit>
		<Unit filename="diffterm3.cu">
			<Option virtualFolder="CUDA Sources/" />
		</Unit>
		<Unit filename="diffterm_cpu.cpp" />
		<Unit filename="extract.cpp">
			<Option compile="0" />
			<Option link="0" />
		</Unit>
		<Unit filename="header.h" />
		<Unit filename="hybrid.cu">
			<Option virtualFolder="CUDA Sources/" />
		</Unit>
		<Unit filename="hypterm.cu">
			<Option compile="1" />
			<Option link="1" />
			<Option virtualFolder="CUDA Sources/" />
		</Unit>
		<Unit filename="hypterm2.cu">
			<Option virtualFolder="CUDA Sources/" />
		</Unit>
		<Unit filename="hypterm_cpu.cpp" />
		<Unit filename="job-template" />
		<Unit filename="job-test" />
		<Unit filename="main.cu">
			<Option compile="1" />
			<Option link="1" />
			<Option virtualFolder="CUDA Sources/" />
		</Unit>
		<Unit filename="util.cu">
			<Option virtualFolder="CUDA Sources/" />
		</Unit>
		<Unit filename="util.cuh">
			<Option virtualFolder="CUDA Headers/" />
		</Unit>
		<Unit filename="util.h" />
		<Unit filename="util_cpu.cpp" />
		<Unit filename="util_cpu.h" />
		<Extensions>
			<code_completion />
			<debugger />
		</Extensions>
	</Project>
</CodeBlocks_project_file>
